# Run287 protected-workflow lock for CPython 3.12 on GitHub-hosted Linux x86_64.
# Regenerate deliberately from requirements_github.txt; every selected wheel is
# exact-version and SHA-256 bound. Protected workflows install binary artifacts
# only and must not upgrade pip or resolve mutable version ranges at runtime.
alpaca-py==0.44.0 --hash=sha256:b54673f967c0c814a5e0223cbb0211a5d9d75a8d107e792872b14e5bae957c03
annotated-types==0.8.0 --hash=sha256:f072f4d804ea359e4eaf198b1af7a8b0943881a87f31bb764f8bf219bb9419e0
beautifulsoup4==4.15.0 --hash=sha256:d6f88de62e1d4e38ecb1077eb9724cd0eff29d2a08ca16a401e9b9e93f117cf9
certifi==2026.7.22 --hash=sha256:62f22742b58a1a33014a2b6b706588a8d7e2a88ae7bd1a6ebe8c992928483775
cffi==2.1.1 --hash=sha256:c1453022f490d2459a11819d83ad1d586e9ff65a12ac3e705ffebd46d3685dcf
charset-normalizer==3.5.0 --hash=sha256:14f6904a3cf870abf044df3a8c4924ac6c8ef77e9896586fd37e73ae96cff2af
curl-cffi==0.16.0 --hash=sha256:182416f07d71a342240554fa62c22e591999b78c225b21d3fe27d9f807420dd6
exchange-calendars==4.13.2 --hash=sha256:fc5a2ad0d61b5c3a6539a3061cd4cbb55c59f4a903455cec7926e4b798919996
idna==3.18 --hash=sha256:7f952cbe720b688055e3f87de14f5c3e5fdaa8bc3928985c4077ca689de849a2
joblib==1.5.3 --hash=sha256:5fc3c5039fc5ca8c0276333a188bbd59d6b7ab37fe6632daa76bc7f9ec18e713
korean-lunar-calendar==0.4.0 --hash=sha256:c042e20de0bb702add6bec8d0f6da1ea8d3b170838e63846f70420cf341fe4e7
lxml==6.1.1 --hash=sha256:54a7f95e4de5fb94e2f9f4b9055c6ba33bf3d628fd77a1d647c5923caa2cdcdc
msgpack==1.2.1 --hash=sha256:020e881a764b20d8d7ca1a54fc01b8175519d108e3c3f194fddc200bda95951a
multitasking==0.0.13 --hash=sha256:ec9243af140c67bfe52dc98d7173c294512735a88e8425c458b250db99dc2b48
numpy==2.2.6 --hash=sha256:fd83c01228a688733f1ded5201c678f0c53ecc1006ffbc404db9f7a899ac6249
pandas==2.3.2 --hash=sha256:96d31a6b4354e3b9b8a2c848af75d31da390657e3ac6f30c05c82068b9ed79b9
pandas-market-calendars==5.4.0 --hash=sha256:bb2b93b28d496cab173b41c7d120fd5cd9d506b31f3bb0ad3d1d9f2b60d9d9e3
peewee==4.3.0 --hash=sha256:62a43d5934e7986747285124059c5ad8908cc70e538472aadae5cb5e9f10006c
platformdirs==4.11.2 --hash=sha256:7f89089b6ea71bda7962953edcf784b2e2d9d285b40ad88be2bb75c6e9d82ab4
protobuf==7.35.1 --hash=sha256:74758715c53d7158fb76caf4f0cfdacc5329a4b1bb994f865d6cf302d413a1c4
pyarrow==20.0.0 --hash=sha256:2c3a01f313ffe27ac4126f4c2e5ea0f36a5fc6ab51f8726cf41fee4b256680bd
pycparser==3.0 --hash=sha256:b727414169a36b7d524c1c3e31839a521725078d7b2ff038656844266160a992
pydantic==2.13.4 --hash=sha256:45a282cde31d808236fd7ea9d919b128653c8b38b393d1c4ab335c62924d9aba
pydantic-core==2.46.4 --hash=sha256:926c9541b14b12b1681dca8a0b75feb510b06c6341b70a8e500c2fdcff837cce
pyluach==2.3.0 --hash=sha256:4497b731aef59508b079dbf5f00bc5bf4329ac45090a6cd37b5a83756f0e69ab
python-dateutil==2.9.0.post0 --hash=sha256:a8b2bc7bffae282281c8140a97d3aa9c14da0b136dfe83f850eea9a5f7470427
pytz==2026.3.post1 --hash=sha256:dd95840dd199baea12d9cc096a1d452caa6596a1c1e4b5f3dbd1541855d5e815
pyyaml==6.0.3 --hash=sha256:ba1cc08a7ccde2d2ec775841541641e4548226580ab850948cbfda66a1befcdc
requests==2.34.2 --hash=sha256:2a0d60c172f83ac6ab31e4554906c0f3b3588d37b5cb939b1c061f4907e278e0
scikit-learn==1.7.2 --hash=sha256:e5bf3d930aee75a65478df91ac1225ff89cd28e9ac7bd1196853a9229b6adb0b
scipy==1.16.3 --hash=sha256:72d1717fd3b5e6ec747327ce9bda32d5463f472c9dce9f54499e81fbd50245a1
six==1.17.0 --hash=sha256:4721f391ed90541fddacab5acf947aa0d3dc7d27b2e1e8eda2be8970586c3274
soupsieve==2.9.2 --hash=sha256:8089a26fd974ca7a1f30276d3d8492ab266ab15af581642dfe8aa162e0c1c823
sseclient-py==1.9.0 --hash=sha256:340062b1587fc2880892811e2ab5b176d98ef3eee98b3672ff3a3ba1e8ed0f6f
threadpoolctl==3.6.0 --hash=sha256:43a0b8fd5a2928500110039e43a5eed8480b918967083ea48dc3ab9f13c4a7fb
toolz==1.1.0 --hash=sha256:15ccc861ac51c53696de0a5d6d4607f99c210739caf987b5d2054f3efed429d8
typing-extensions==4.16.0 --hash=sha256:481caa481374e813c1b176ada14e97f1f67a4539ce9cfeb3f350d78d6370c2e8
typing-inspection==0.4.4 --hash=sha256:65b8397ba37ccbce054456aaccddfc91e6e3083c92824df348d96ca832f3f147
tzdata==2026.3 --hash=sha256:dc096730c87af6cab1b171c9d532be840741ff5d459015e7f6947bd7d7e54931
urllib3==2.7.0 --hash=sha256:9fb4c81ebbb1ce9531cce37674bbc6f1360472bc18ca9a553ede278ef7276897
websockets==17.0.1 --hash=sha256:f47b0815af3948ec6a440b3afa02f05b18cc0939549e91b5c677b5d9c2c8472a
yfinance==1.5.2 --hash=sha256:197fc03485c246547a5a9184956c60150ea33b6f740d877e02a97f123d5cd2b9
